
Microsoft Visual Studio Solution File, Format Version 12.00
# Visual Studio Version 17
VisualStudioVersion = 17.4.33122.133
MinimumVisualStudioVersion = 10.0.40219.1
Project("{FAE04EC0-301F-11D3-BF4B-00C04F79EFBC}") = "KhlybovExam", "KhlybovExam\KhlybovExam.csproj", "{6FD328D0-B92C-4B74-AAFA-B236FFFB208F}"
EndProject
Global
	GlobalSection(SolutionConfigurationPlatforms) = preSolution
		Debug|Any CPU = Debug|Any CPU
		Release|Any CPU = Release|Any CPU
	EndGlobalSection
	GlobalSection(ProjectConfigurationPlatforms) = postSolution
		{6FD328D0-B92C-4B74-AAFA-B236FFFB208F}.Debug|Any CPU.ActiveCfg = Debug|Any CPU
		{6FD328D0-B92C-4B74-AAFA-B236FFFB208F}.Debug|Any CPU.Build.0 = Debug|Any CPU
		{6FD328D0-B92C-4B74-AAFA-B236FFFB208F}.Release|Any CPU.ActiveCfg = Release|Any CPU
		{6FD328D0-B92C-4B74-AAFA-B236FFFB208F}.Release|Any CPU.Build.0 = Release|Any CPU
	EndGlobalSection
	GlobalSection(SolutionProperties) = preSolution
		HideSolutionNode = FALSE
	EndGlobalSection
	GlobalSection(ExtensibilityGlobals) = postSolution
		SolutionGuid = {3F546955-EF67-413C-B854-7A501D12A534}
	EndGlobalSection
EndGlobal
